
Microsoft Visual Studio Solution File, Format Version 12.00
# Visual Studio Version 17
VisualStudioVersion = 17.6.33829.357
MinimumVisualStudioVersion = 10.0.40219.1
Project("{FAE04EC0-301F-11D3-BF4B-00C04F79EFBC}") = "HotelAppFacadePattern", "HotelAppFacadePattern.csproj", "{EF4CE832-092E-4E72-ADE0-FFDAA2E50E3D}"
EndProject
Global
	GlobalSection(SolutionConfigurationPlatforms) = preSolution
		Debug|Any CPU = Debug|Any CPU
		Release|Any CPU = Release|Any CPU
	EndGlobalSection
	GlobalSection(ProjectConfigurationPlatforms) = postSolution
		{EF4CE832-092E-4E72-ADE0-FFDAA2E50E3D}.Debug|Any CPU.ActiveCfg = Debug|Any CPU
		{EF4CE832-092E-4E72-ADE0-FFDAA2E50E3D}.Debug|Any CPU.Build.0 = Debug|Any CPU
		{EF4CE832-092E-4E72-ADE0-FFDAA2E50E3D}.Release|Any CPU.ActiveCfg = Release|Any CPU
		{EF4CE832-092E-4E72-ADE0-FFDAA2E50E3D}.Release|Any CPU.Build.0 = Release|Any CPU
	EndGlobalSection
	GlobalSection(SolutionProperties) = preSolution
		HideSolutionNode = FALSE
	EndGlobalSection
	GlobalSection(ExtensibilityGlobals) = postSolution
		SolutionGuid = {0AC2C87B-F87C-4D46-B1FD-58E2DA7B4013}
	EndGlobalSection
EndGlobal
